<?xml version="1.0" encoding="utf-8"?>
<Project ToolsVersion="4.0" xmlns="http://schemas.microsoft.com/developer/msbuild/2003">
  <ItemGroup>
    <Filter Include="Resource Files">
      <UniqueIdentifier>{67DA6AB6-F800-4c08-8B7A-83BB121AAD01}</UniqueIdentifier>
      <Extensions>rc;ico;cur;bmp;dlg;rc2;rct;bin;rgs;gif;jpg;jpeg;jpe;resx;tiff;tif;png;wav;mfcribbon-ms</Extensions>
    </Filter>
    <Filter Include="include">
      <UniqueIdentifier>{93995380-89BD-4b04-88EB-625FBE52EBFB}</UniqueIdentifier>
      <Extensions>h;hh;hpp;hxx;h++;hm;inl;inc;ipp;xsd</Extensions>
    </Filter>
    <Filter Include="src">
      <UniqueIdentifier>{4FC737F1-C7A5-4376-A066-2A32D752A2FF}</UniqueIdentifier>
      <Extensions>cpp;c;cc;cxx;c++;cppm;ixx;def;odl;idl;hpj;bat;asm;asmx</Extensions>
    </Filter>
    <Filter Include="shader">
      <UniqueIdentifier>{1565524f-d548-4d92-9816-a7baf5a52149}</UniqueIdentifier>
    </Filter>
  </ItemGroup>
  <ItemGroup>
    <ClInclude Include="..\..\include\QuadrupedVisualizer\QuadrupedVisualizer.h">
      <Filter>include</Filter>
    </ClInclude>
    <ClInclude Include="..\..\include\QuadrupedVisualizer\Resources.h">
      <Filter>include</Filter>
    </ClInclude>
    <ClInclude Include="..\..\include\QuadrupedVisualizer\Entity.h">
      <Filter>include</Filter>
    </ClInclude>
    <ClInclude Include="..\..\include\QuadrupedVisualizer\Cube.h">
      <Filter>include</Filter>
    </ClInclude>
    <ClInclude Include="..\..\include\QuadrupedVisualizer\Plane.h">
      <Filter>include</Filter>
    </ClInclude>
    <ClInclude Include="..\..\include\QuadrupedVisualizer\Robot.h">
      <Filter>include</Filter>
    </ClInclude>
  </ItemGroup>
  <ItemGroup>
    <ClCompile Include="..\..\src\QuadrupedVisualizer\QuadrupedVisualizer.cpp">
      <Filter>src</Filter>
    </ClCompile>
    <ClCompile Include="..\..\src\QuadrupedVisualizer\Entity.cpp">
      <Filter>src</Filter>
    </ClCompile>
    <ClCompile Include="..\..\src\QuadrupedVisualizer\Cube.cpp">
      <Filter>src</Filter>
    </ClCompile>
    <ClCompile Include="..\..\src\QuadrupedVisualizer\Plane.cpp">
      <Filter>src</Filter>
    </ClCompile>
    <ClCompile Include="..\..\src\QuadrupedVisualizer\Robot.cpp">
      <Filter>src</Filter>
    </ClCompile>
  </ItemGroup>
  <ItemGroup>
    <None Include="..\..\shaders\fragment.glsl">
      <Filter>shader</Filter>
    </None>
    <None Include="..\..\shaders\vertex.glsl">
      <Filter>shader</Filter>
    </None>
  </ItemGroup>
  <ItemGroup>
    <ResourceCompile Include="Resources.rc">
      <Filter>Resource Files</Filter>
    </ResourceCompile>
  </ItemGroup>
</Project>