
Microsoft Visual Studio Solution File, Format Version 12.00
# Visual Studio Version 17
VisualStudioVersion = 17.5.33516.290
MinimumVisualStudioVersion = 10.0.40219.1
Project("{2150E333-8FDC-42A3-9474-1A3956D46DE8}") = "Projects", "Projects", "{2FE9FE00-58B5-4E61-A8D5-8D1E717E119D}"
EndProject
Project("{8BC9CEB8-8B4A-11D0-8D11-00A0C91BC942}") = "QuadrupedControl", "Projects\QuadrupedControl\QuadrupedControl.vcxproj", "{7F5C4F4B-F4D3-4EB0-A2E8-72B80074CAE7}"
EndProject
Project("{2150E333-8FDC-42A3-9474-1A3956D46DE8}") = "Tests", "Tests", "{CC39BC07-2EBE-47E4-8F4C-2E8F90D0B222}"
EndProject
Project("{8BC9CEB8-8B4A-11D0-8D11-00A0C91BC942}") = "QuadrupedTest", "Tests\QuadrupedTest\QuadrupedTest.vcxproj", "{6AE685F3-B0E5-440F-AE8D-22E5A24BE16A}"
	ProjectSection(ProjectDependencies) = postProject
		{7F5C4F4B-F4D3-4EB0-A2E8-72B80074CAE7} = {7F5C4F4B-F4D3-4EB0-A2E8-72B80074CAE7}
	EndProjectSection
EndProject
Project("{8BC9CEB8-8B4A-11D0-8D11-00A0C91BC942}") = "QuadrupedModelVisualizer", "Tests\QuadrupedModelVisualizer\QuadrupedModelVisualizer.vcxproj", "{B2CDF09B-9F7F-423C-A85F-7F77100B1710}"
EndProject
Global
	GlobalSection(SolutionConfigurationPlatforms) = preSolution
		Debug|x64 = Debug|x64
		Debug|x86 = Debug|x86
		Release|x64 = Release|x64
		Release|x86 = Release|x86
	EndGlobalSection
	GlobalSection(ProjectConfigurationPlatforms) = postSolution
		{7F5C4F4B-F4D3-4EB0-A2E8-72B80074CAE7}.Debug|x64.ActiveCfg = Debug|x64
		{7F5C4F4B-F4D3-4EB0-A2E8-72B80074CAE7}.Debug|x64.Build.0 = Debug|x64
		{7F5C4F4B-F4D3-4EB0-A2E8-72B80074CAE7}.Debug|x86.ActiveCfg = Debug|Win32
		{7F5C4F4B-F4D3-4EB0-A2E8-72B80074CAE7}.Debug|x86.Build.0 = Debug|Win32
		{7F5C4F4B-F4D3-4EB0-A2E8-72B80074CAE7}.Release|x64.ActiveCfg = Release|x64
		{7F5C4F4B-F4D3-4EB0-A2E8-72B80074CAE7}.Release|x64.Build.0 = Release|x64
		{7F5C4F4B-F4D3-4EB0-A2E8-72B80074CAE7}.Release|x86.ActiveCfg = Release|Win32
		{7F5C4F4B-F4D3-4EB0-A2E8-72B80074CAE7}.Release|x86.Build.0 = Release|Win32
		{6AE685F3-B0E5-440F-AE8D-22E5A24BE16A}.Debug|x64.ActiveCfg = Debug|x64
		{6AE685F3-B0E5-440F-AE8D-22E5A24BE16A}.Debug|x64.Build.0 = Debug|x64
		{6AE685F3-B0E5-440F-AE8D-22E5A24BE16A}.Debug|x86.ActiveCfg = Debug|Win32
		{6AE685F3-B0E5-440F-AE8D-22E5A24BE16A}.Debug|x86.Build.0 = Debug|Win32
		{6AE685F3-B0E5-440F-AE8D-22E5A24BE16A}.Release|x64.ActiveCfg = Release|x64
		{6AE685F3-B0E5-440F-AE8D-22E5A24BE16A}.Release|x64.Build.0 = Release|x64
		{6AE685F3-B0E5-440F-AE8D-22E5A24BE16A}.Release|x86.ActiveCfg = Release|Win32
		{6AE685F3-B0E5-440F-AE8D-22E5A24BE16A}.Release|x86.Build.0 = Release|Win32
		{B2CDF09B-9F7F-423C-A85F-7F77100B1710}.Debug|x64.ActiveCfg = Debug|x64
		{B2CDF09B-9F7F-423C-A85F-7F77100B1710}.Debug|x64.Build.0 = Debug|x64
		{B2CDF09B-9F7F-423C-A85F-7F77100B1710}.Debug|x86.ActiveCfg = Debug|Win32
		{B2CDF09B-9F7F-423C-A85F-7F77100B1710}.Debug|x86.Build.0 = Debug|Win32
		{B2CDF09B-9F7F-423C-A85F-7F77100B1710}.Release|x64.ActiveCfg = Release|x64
		{B2CDF09B-9F7F-423C-A85F-7F77100B1710}.Release|x64.Build.0 = Release|x64
		{B2CDF09B-9F7F-423C-A85F-7F77100B1710}.Release|x86.ActiveCfg = Release|Win32
		{B2CDF09B-9F7F-423C-A85F-7F77100B1710}.Release|x86.Build.0 = Release|Win32
	EndGlobalSection
	GlobalSection(SolutionProperties) = preSolution
		HideSolutionNode = FALSE
	EndGlobalSection
	GlobalSection(NestedProjects) = preSolution
		{7F5C4F4B-F4D3-4EB0-A2E8-72B80074CAE7} = {2FE9FE00-58B5-4E61-A8D5-8D1E717E119D}
		{6AE685F3-B0E5-440F-AE8D-22E5A24BE16A} = {CC39BC07-2EBE-47E4-8F4C-2E8F90D0B222}
		{B2CDF09B-9F7F-423C-A85F-7F77100B1710} = {CC39BC07-2EBE-47E4-8F4C-2E8F90D0B222}
	EndGlobalSection
	GlobalSection(ExtensibilityGlobals) = postSolution
		SolutionGuid = {D0953FBE-C940-44B9-BE59-54948DCCA11F}
	EndGlobalSection
EndGlobal
