
Microsoft Visual Studio Solution File, Format Version 12.00
# Visual Studio Version 17
VisualStudioVersion = 17.5.33516.290
MinimumVisualStudioVersion = 10.0.40219.1
Project("{8BC9CEB8-8B4A-11D0-8D11-00A0C91BC942}") = "Quadruped", "Quadruped.vcxproj", "{D37B108D-5B42-4679-9BF6-DFB75373AC1D}"
EndProject
Global
	GlobalSection(SolutionConfigurationPlatforms) = preSolution
		Debug|x64 = Debug|x64
		Debug|x86 = Debug|x86
		Release|x64 = Release|x64
		Release|x86 = Release|x86
	EndGlobalSection
	GlobalSection(ProjectConfigurationPlatforms) = postSolution
		{D37B108D-5B42-4679-9BF6-DFB75373AC1D}.Debug|x64.ActiveCfg = Debug|x64
		{D37B108D-5B42-4679-9BF6-DFB75373AC1D}.Debug|x64.Build.0 = Debug|x64
		{D37B108D-5B42-4679-9BF6-DFB75373AC1D}.Debug|x86.ActiveCfg = Debug|Win32
		{D37B108D-5B42-4679-9BF6-DFB75373AC1D}.Debug|x86.Build.0 = Debug|Win32
		{D37B108D-5B42-4679-9BF6-DFB75373AC1D}.Release|x64.ActiveCfg = Release|x64
		{D37B108D-5B42-4679-9BF6-DFB75373AC1D}.Release|x64.Build.0 = Release|x64
		{D37B108D-5B42-4679-9BF6-DFB75373AC1D}.Release|x86.ActiveCfg = Release|Win32
		{D37B108D-5B42-4679-9BF6-DFB75373AC1D}.Release|x86.Build.0 = Release|Win32
	EndGlobalSection
	GlobalSection(SolutionProperties) = preSolution
		HideSolutionNode = FALSE
	EndGlobalSection
	GlobalSection(ExtensibilityGlobals) = postSolution
		SolutionGuid = {C19F8399-42EE-4522-9AB2-E3592A4C95C4}
	EndGlobalSection
EndGlobal
